{
	"name": "@formulex/core",
	"version": "1.0.0",
	"lockfileVersion": 2,
	"requires": true,
	"packages": {
		"": {
			"name": "@formulex/core",
			"version": "1.0.0",
			"license": "MIT",
			"dependencies": {
				"@babel/runtime": "^7.12.5"
			},
			"devDependencies": {
				"mobx": "^6.1.6"
			},
			"peerDependencies": {
				"mobx": "^6.0.0",
				"mobx-state-tree": "^5.0.0"
			}
		},
		"node_modules/@babel/runtime": {
			"version": "7.12.13",
			"resolved": "https://registry.npm.taobao.org/@babel/runtime/download/@babel/runtime-7.12.13.tgz",
			"integrity": "sha1-CiFFI1KwJULbD/uSisLTyny21m0=",
			"dependencies": {
				"regenerator-runtime": "^0.13.4"
			}
		},
		"node_modules/mobx": {
			"version": "6.1.6",
			"resolved": "https://registry.npm.taobao.org/mobx/download/mobx-6.1.6.tgz",
			"integrity": "sha1-rnXlfsB9GQ7Rhyc4ZAAhY/o1ciQ="
		},
		"node_modules/mobx-state-tree": {
			"version": "5.0.1",
			"resolved": "https://registry.npm.taobao.org/mobx-state-tree/download/mobx-state-tree-5.0.1.tgz",
			"integrity": "sha1-1JVyX+EQddj96PAqtl22c2tE4BQ=",
			"peer": true,
			"peerDependencies": {
				"mobx": "^6.1.0"
			}
		},
		"node_modules/regenerator-runtime": {
			"version": "0.13.7",
			"resolved": "https://registry.npm.taobao.org/regenerator-runtime/download/regenerator-runtime-0.13.7.tgz",
			"integrity": "sha1-ysLazIoepnX+qrrriugziYrkb1U="
		}
	},
	"dependencies": {
		"@babel/runtime": {
			"version": "7.12.13",
			"resolved": "https://registry.npm.taobao.org/@babel/runtime/download/@babel/runtime-7.12.13.tgz",
			"integrity": "sha1-CiFFI1KwJULbD/uSisLTyny21m0=",
			"requires": {
				"regenerator-runtime": "^0.13.4"
			}
		},
		"mobx": {
			"version": "6.1.6",
			"resolved": "https://registry.npm.taobao.org/mobx/download/mobx-6.1.6.tgz",
			"integrity": "sha1-rnXlfsB9GQ7Rhyc4ZAAhY/o1ciQ="
		},
		"mobx-state-tree": {
			"version": "5.0.1",
			"resolved": "https://registry.npm.taobao.org/mobx-state-tree/download/mobx-state-tree-5.0.1.tgz",
			"integrity": "sha1-1JVyX+EQddj96PAqtl22c2tE4BQ=",
			"peer": true,
			"requires": {}
		},
		"regenerator-runtime": {
			"version": "0.13.7",
			"resolved": "https://registry.npm.taobao.org/regenerator-runtime/download/regenerator-runtime-0.13.7.tgz",
			"integrity": "sha1-ysLazIoepnX+qrrriugziYrkb1U="
		}
	}
}
